// !$*UTF8*$!
{
	archiveVersion = 1;
	classes = {
	};
	objectVersion = 63;
	objects = {

/* Begin PBXBuildFile section */
		F491A6FD2DE1523C0097B4C7 /* MainMenu.xib in Resources */ = {isa = PBXBuildFile; fileRef = F491A6FB2DE1523C0097B4C7 /* MainMenu.xib */; };
		F491A6FE2DE1523C0097B4C7 /* AppDelegate.m in Sources */ = {isa = PBXBuildFile; fileRef = F491A6F52DE1523C0097B4C7 /* AppDelegate.m */; };
		F491A6FF2DE1523C0097B4C7 /* IcnsOptimizer.m in Sources */ = {isa = PBXBuildFile; fileRef = F491A6F82DE1523C0097B4C7 /* IcnsOptimizer.m */; };
		F491A7002DE1523C0097B4C7 /* main.m in Sources */ = {isa = PBXBuildFile; fileRef = F491A6F92DE1523C0097B4C7 /* main.m */; };
		F491A7042DE1ED700097B4C7 /* createicns in Resources */ = {isa = PBXBuildFile; fileRef = F491A7022DE1ED700097B4C7 /* createicns */; };
		F491A7052DE1ED700097B4C7 /* oxipng in Resources */ = {isa = PBXBuildFile; fileRef = F491A7032DE1ED700097B4C7 /* oxipng */; };
		F491A70A2DE21E970097B4C7 /* icnsoptim.sh in Resources */ = {isa = PBXBuildFile; fileRef = F491A7082DE21A010097B4C7 /* icnsoptim.sh */; };
/* End PBXBuildFile section */

/* Begin PBXFileReference section */
		F491A6DD2DE150B80097B4C7 /* IcnsOptim.app */ = {isa = PBXFileReference; explicitFileType = wrapper.application; includeInIndex = 0; path = IcnsOptim.app; sourceTree = BUILT_PRODUCTS_DIR; };
		F491A6F42DE1523C0097B4C7 /* AppDelegate.h */ = {isa = PBXFileReference; lastKnownFileType = sourcecode.c.h; path = AppDelegate.h; sourceTree = "<group>"; };
		F491A6F52DE1523C0097B4C7 /* AppDelegate.m */ = {isa = PBXFileReference; lastKnownFileType = sourcecode.c.objc; path = AppDelegate.m; sourceTree = "<group>"; };
		F491A6F62DE1523C0097B4C7 /* IcnsOptim.entitlements */ = {isa = PBXFileReference; lastKnownFileType = text.plist.entitlements; path = IcnsOptim.entitlements; sourceTree = "<group>"; };
		F491A6F72DE1523C0097B4C7 /* IcnsOptimizer.h */ = {isa = PBXFileReference; lastKnownFileType = sourcecode.c.h; path = IcnsOptimizer.h; sourceTree = "<group>"; };
		F491A6F82DE1523C0097B4C7 /* IcnsOptimizer.m */ = {isa = PBXFileReference; lastKnownFileType = sourcecode.c.objc; path = IcnsOptimizer.m; sourceTree = "<group>"; };
		F491A6F92DE1523C0097B4C7 /* main.m */ = {isa = PBXFileReference; lastKnownFileType = sourcecode.c.objc; path = main.m; sourceTree = "<group>"; };
		F491A6FA2DE1523C0097B4C7 /* Base */ = {isa = PBXFileReference; lastKnownFileType = file.xib; name = Base; path = Base.lproj/MainMenu.xib; sourceTree = "<group>"; };
		F491A7012DE1526C0097B4C7 /* Common.h */ = {isa = PBXFileReference; lastKnownFileType = sourcecode.c.h; path = Common.h; sourceTree = "<group>"; };
		F491A7022DE1ED700097B4C7 /* createicns */ = {isa = PBXFileReference; lastKnownFileType = "compiled.mach-o.executable"; path = createicns; sourceTree = "<group>"; };
		F491A7032DE1ED700097B4C7 /* oxipng */ = {isa = PBXFileReference; lastKnownFileType = "compiled.mach-o.executable"; path = oxipng; sourceTree = "<group>"; };
		F491A7082DE21A010097B4C7 /* icnsoptim.sh */ = {isa = PBXFileReference; lastKnownFileType = text.script.sh; path = icnsoptim.sh; sourceTree = "<group>"; };
		F491A7092DE21E5D0097B4C7 /* README.md */ = {isa = PBXFileReference; lastKnownFileType = net.daringfireball.markdown; path = README.md; sourceTree = "<group>"; };
		F491A70B2DE220770097B4C7 /* macos.yml */ = {isa = PBXFileReference; lastKnownFileType = text.yaml; path = macos.yml; sourceTree = "<group>"; };
		F491A70D2DE220770097B4C7 /* FUNDING.yml */ = {isa = PBXFileReference; lastKnownFileType = text.yaml; path = FUNDING.yml; sourceTree = "<group>"; };
		F491A70F2DE2207D0097B4C7 /* .gitignore */ = {isa = PBXFileReference; lastKnownFileType = text; path = .gitignore; sourceTree = "<group>"; };
		F491A7102DE2212C0097B4C7 /* Makefile */ = {isa = PBXFileReference; lastKnownFileType = sourcecode.make; path = Makefile; sourceTree = "<group>"; };
/* End PBXFileReference section */

/* Begin PBXFrameworksBuildPhase section */
		F491A6DA2DE150B80097B4C7 /* Frameworks */ = {
			isa = PBXFrameworksBuildPhase;
			buildActionMask = 2147483647;
			files = (
			);
			runOnlyForDeploymentPostprocessing = 0;
		};
/* End PBXFrameworksBuildPhase section */

/* Begin PBXGroup section */
		F491A6D42DE150B70097B4C7 = {
			isa = PBXGroup;
			children = (
				F491A70E2DE220770097B4C7 /* .github */,
				F491A70F2DE2207D0097B4C7 /* .gitignore */,
				F491A7092DE21E5D0097B4C7 /* README.md */,
				F491A7082DE21A010097B4C7 /* icnsoptim.sh */,
				F491A7022DE1ED700097B4C7 /* createicns */,
				F491A7032DE1ED700097B4C7 /* oxipng */,
				F491A7102DE2212C0097B4C7 /* Makefile */,
				F491A6FC2DE1523C0097B4C7 /* IcnsOptim */,
				F491A6DE2DE150B80097B4C7 /* Products */,
			);
			sourceTree = "<group>";
		};
		F491A6DE2DE150B80097B4C7 /* Products */ = {
			isa = PBXGroup;
			children = (
				F491A6DD2DE150B80097B4C7 /* IcnsOptim.app */,
			);
			name = Products;
			sourceTree = "<group>";
		};
		F491A6FC2DE1523C0097B4C7 /* IcnsOptim */ = {
			isa = PBXGroup;
			children = (
				F491A6F92DE1523C0097B4C7 /* main.m */,
				F491A7012DE1526C0097B4C7 /* Common.h */,
				F491A6F42DE1523C0097B4C7 /* AppDelegate.h */,
				F491A6F52DE1523C0097B4C7 /* AppDelegate.m */,
				F491A6F72DE1523C0097B4C7 /* IcnsOptimizer.h */,
				F491A6F82DE1523C0097B4C7 /* IcnsOptimizer.m */,
				F491A6F62DE1523C0097B4C7 /* IcnsOptim.entitlements */,
				F491A6FB2DE1523C0097B4C7 /* MainMenu.xib */,
			);
			path = IcnsOptim;
			sourceTree = "<group>";
		};
		F491A70C2DE220770097B4C7 /* workflows */ = {
			isa = PBXGroup;
			children = (
				F491A70B2DE220770097B4C7 /* macos.yml */,
			);
			path = workflows;
			sourceTree = "<group>";
		};
		F491A70E2DE220770097B4C7 /* .github */ = {
			isa = PBXGroup;
			children = (
				F491A70C2DE220770097B4C7 /* workflows */,
				F491A70D2DE220770097B4C7 /* FUNDING.yml */,
			);
			path = .github;
			sourceTree = "<group>";
		};
/* End PBXGroup section */

/* Begin PBXNativeTarget section */
		F491A6DC2DE150B80097B4C7 /* IcnsOptim */ = {
			isa = PBXNativeTarget;
			buildConfigurationList = F491A6ED2DE150C00097B4C7 /* Build configuration list for PBXNativeTarget "IcnsOptim" */;
			buildPhases = (
				F491A6D92DE150B80097B4C7 /* Sources */,
				F491A6DA2DE150B80097B4C7 /* Frameworks */,
				F491A6DB2DE150B80097B4C7 /* Resources */,
			);
			buildRules = (
			);
			dependencies = (
			);
			name = IcnsOptim;
			packageProductDependencies = (
			);
			productName = IcnsOptim;
			productReference = F491A6DD2DE150B80097B4C7 /* IcnsOptim.app */;
			productType = "com.apple.product-type.application";
		};
/* End PBXNativeTarget section */

/* Begin PBXProject section */
		F491A6D52DE150B70097B4C7 /* Project object */ = {
			isa = PBXProject;
			attributes = {
				BuildIndependentTargetsInParallel = 1;
				LastUpgradeCheck = 1630;
				TargetAttributes = {
					F491A6DC2DE150B80097B4C7 = {
						CreatedOnToolsVersion = 16.3;
					};
				};
			};
			buildConfigurationList = F491A6D82DE150B70097B4C7 /* Build configuration list for PBXProject "IcnsOptim" */;
			compatibilityVersion = "Xcode 15.0";
			developmentRegion = en;
			hasScannedForEncodings = 0;
			knownRegions = (
				en,
				Base,
			);
			mainGroup = F491A6D42DE150B70097B4C7;
			minimizedProjectReferenceProxies = 1;
			productRefGroup = F491A6DE2DE150B80097B4C7 /* Products */;
			projectDirPath = "";
			projectRoot = "";
			targets = (
				F491A6DC2DE150B80097B4C7 /* IcnsOptim */,
			);
		};
/* End PBXProject section */

/* Begin PBXResourcesBuildPhase section */
		F491A6DB2DE150B80097B4C7 /* Resources */ = {
			isa = PBXResourcesBuildPhase;
			buildActionMask = 2147483647;
			files = (
				F491A7042DE1ED700097B4C7 /* createicns in Resources */,
				F491A7052DE1ED700097B4C7 /* oxipng in Resources */,
				F491A6FD2DE1523C0097B4C7 /* MainMenu.xib in Resources */,
				F491A70A2DE21E970097B4C7 /* icnsoptim.sh in Resources */,
			);
			runOnlyForDeploymentPostprocessing = 0;
		};
/* End PBXResourcesBuildPhase section */

/* Begin PBXSourcesBuildPhase section */
		F491A6D92DE150B80097B4C7 /* Sources */ = {
			isa = PBXSourcesBuildPhase;
			buildActionMask = 2147483647;
			files = (
				F491A6FE2DE1523C0097B4C7 /* AppDelegate.m in Sources */,
				F491A6FF2DE1523C0097B4C7 /* IcnsOptimizer.m in Sources */,
				F491A7002DE1523C0097B4C7 /* main.m in Sources */,
			);
			runOnlyForDeploymentPostprocessing = 0;
		};
/* End PBXSourcesBuildPhase section */

/* Begin PBXVariantGroup section */
		F491A6FB2DE1523C0097B4C7 /* MainMenu.xib */ = {
			isa = PBXVariantGroup;
			children = (
				F491A6FA2DE1523C0097B4C7 /* Base */,
			);
			name = MainMenu.xib;
			sourceTree = "<group>";
		};
/* End PBXVariantGroup section */

/* Begin XCBuildConfiguration section */
		F491A6EB2DE150C00097B4C7 /* Debug */ = {
			isa = XCBuildConfiguration;
			buildSettings = {
				ALWAYS_SEARCH_USER_PATHS = NO;
				ASSETCATALOG_COMPILER_GENERATE_SWIFT_ASSET_SYMBOL_EXTENSIONS = YES;
				CLANG_ANALYZER_NONNULL = YES;
				CLANG_ANALYZER_NUMBER_OBJECT_CONVERSION = YES_AGGRESSIVE;
				CLANG_CXX_LANGUAGE_STANDARD = "gnu++20";
				CLANG_ENABLE_MODULES = YES;
				CLANG_ENABLE_OBJC_ARC = YES;
				CLANG_ENABLE_OBJC_WEAK = YES;
				CLANG_WARN_BLOCK_CAPTURE_AUTORELEASING = YES;
				CLANG_WARN_BOOL_CONVERSION = YES;
				CLANG_WARN_COMMA = YES;
				CLANG_WARN_CONSTANT_CONVERSION = YES;
				CLANG_WARN_DEPRECATED_OBJC_IMPLEMENTATIONS = YES;
				CLANG_WARN_DIRECT_OBJC_ISA_USAGE = YES_ERROR;
				CLANG_WARN_DOCUMENTATION_COMMENTS = YES;
				CLANG_WARN_EMPTY_BODY = YES;
				CLANG_WARN_ENUM_CONVERSION = YES;
				CLANG_WARN_INFINITE_RECURSION = YES;
				CLANG_WARN_INT_CONVERSION = YES;
				CLANG_WARN_NON_LITERAL_NULL_CONVERSION = YES;
				CLANG_WARN_OBJC_IMPLICIT_RETAIN_SELF = YES;
				CLANG_WARN_OBJC_LITERAL_CONVERSION = YES;
				CLANG_WARN_OBJC_ROOT_CLASS = YES_ERROR;
				CLANG_WARN_QUOTED_INCLUDE_IN_FRAMEWORK_HEADER = YES;
				CLANG_WARN_RANGE_LOOP_ANALYSIS = YES;
				CLANG_WARN_STRICT_PROTOTYPES = YES;
				CLANG_WARN_SUSPICIOUS_MOVE = YES;
				CLANG_WARN_UNGUARDED_AVAILABILITY = YES_AGGRESSIVE;
				CLANG_WARN_UNREACHABLE_CODE = YES;
				CLANG_WARN__DUPLICATE_METHOD_MATCH = YES;
				COPY_PHASE_STRIP = NO;
				DEBUG_INFORMATION_FORMAT = dwarf;
				DEVELOPMENT_TEAM = 5WX26Y89JP;
				ENABLE_STRICT_OBJC_MSGSEND = YES;
				ENABLE_TESTABILITY = YES;
				ENABLE_USER_SCRIPT_SANDBOXING = YES;
				GCC_C_LANGUAGE_STANDARD = gnu17;
				GCC_DYNAMIC_NO_PIC = NO;
				GCC_NO_COMMON_BLOCKS = YES;
				GCC_OPTIMIZATION_LEVEL = 0;
				GCC_PREPROCESSOR_DEFINITIONS = (
					"DEBUG=1",
					"$(inherited)",
				);
				GCC_WARN_64_TO_32_BIT_CONVERSION = YES;
				GCC_WARN_ABOUT_RETURN_TYPE = YES_ERROR;
				GCC_WARN_UNDECLARED_SELECTOR = YES;
				GCC_WARN_UNINITIALIZED_AUTOS = YES_AGGRESSIVE;
				GCC_WARN_UNUSED_FUNCTION = YES;
				GCC_WARN_UNUSED_VARIABLE = YES;
				LOCALIZATION_PREFERS_STRING_CATALOGS = YES;
				MACOSX_DEPLOYMENT_TARGET = 15.4;
				MTL_ENABLE_DEBUG_INFO = INCLUDE_SOURCE;
				MTL_FAST_MATH = YES;
				ONLY_ACTIVE_ARCH = YES;
				SDKROOT = macosx;
			};
			name = Debug;
		};
		F491A6EC2DE150C00097B4C7 /* Release */ = {
			isa = XCBuildConfiguration;
			buildSettings = {
				ALWAYS_SEARCH_USER_PATHS = NO;
				ASSETCATALOG_COMPILER_GENERATE_SWIFT_ASSET_SYMBOL_EXTENSIONS = YES;
				CLANG_ANALYZER_NONNULL = YES;
				CLANG_ANALYZER_NUMBER_OBJECT_CONVERSION = YES_AGGRESSIVE;
				CLANG_CXX_LANGUAGE_STANDARD = "gnu++20";
				CLANG_ENABLE_MODULES = YES;
				CLANG_ENABLE_OBJC_ARC = YES;
				CLANG_ENABLE_OBJC_WEAK = YES;
				CLANG_WARN_BLOCK_CAPTURE_AUTORELEASING = YES;
				CLANG_WARN_BOOL_CONVERSION = YES;
				CLANG_WARN_COMMA = YES;
				CLANG_WARN_CONSTANT_CONVERSION = YES;
				CLANG_WARN_DEPRECATED_OBJC_IMPLEMENTATIONS = YES;
				CLANG_WARN_DIRECT_OBJC_ISA_USAGE = YES_ERROR;
				CLANG_WARN_DOCUMENTATION_COMMENTS = YES;
				CLANG_WARN_EMPTY_BODY = YES;
				CLANG_WARN_ENUM_CONVERSION = YES;
				CLANG_WARN_INFINITE_RECURSION = YES;
				CLANG_WARN_INT_CONVERSION = YES;
				CLANG_WARN_NON_LITERAL_NULL_CONVERSION = YES;
				CLANG_WARN_OBJC_IMPLICIT_RETAIN_SELF = YES;
				CLANG_WARN_OBJC_LITERAL_CONVERSION = YES;
				CLANG_WARN_OBJC_ROOT_CLASS = YES_ERROR;
				CLANG_WARN_QUOTED_INCLUDE_IN_FRAMEWORK_HEADER = YES;
				CLANG_WARN_RANGE_LOOP_ANALYSIS = YES;
				CLANG_WARN_STRICT_PROTOTYPES = YES;
				CLANG_WARN_SUSPICIOUS_MOVE = YES;
				CLANG_WARN_UNGUARDED_AVAILABILITY = YES_AGGRESSIVE;
				CLANG_WARN_UNREACHABLE_CODE = YES;
				CLANG_WARN__DUPLICATE_METHOD_MATCH = YES;
				COPY_PHASE_STRIP = NO;
				DEBUG_INFORMATION_FORMAT = "dwarf-with-dsym";
				DEVELOPMENT_TEAM = 5WX26Y89JP;
				ENABLE_NS_ASSERTIONS = NO;
				ENABLE_STRICT_OBJC_MSGSEND = YES;
				ENABLE_USER_SCRIPT_SANDBOXING = YES;
				GCC_C_LANGUAGE_STANDARD = gnu17;
				GCC_NO_COMMON_BLOCKS = YES;
				GCC_WARN_64_TO_32_BIT_CONVERSION = YES;
				GCC_WARN_ABOUT_RETURN_TYPE = YES_ERROR;
				GCC_WARN_UNDECLARED_SELECTOR = YES;
				GCC_WARN_UNINITIALIZED_AUTOS = YES_AGGRESSIVE;
				GCC_WARN_UNUSED_FUNCTION = YES;
				GCC_WARN_UNUSED_VARIABLE = YES;
				LOCALIZATION_PREFERS_STRING_CATALOGS = YES;
				MACOSX_DEPLOYMENT_TARGET = 15.4;
				MTL_ENABLE_DEBUG_INFO = NO;
				MTL_FAST_MATH = YES;
				SDKROOT = macosx;
			};
			name = Release;
		};
		F491A6EE2DE150C00097B4C7 /* Debug */ = {
			isa = XCBuildConfiguration;
			buildSettings = {
				ASSETCATALOG_COMPILER_GLOBAL_ACCENT_COLOR_NAME = AccentColor;
				CODE_SIGN_ENTITLEMENTS = IcnsOptim/IcnsOptim.entitlements;
				"CODE_SIGN_IDENTITY[sdk=macosx*]" = "Developer ID Application";
				CODE_SIGN_STYLE = Manual;
				COMBINE_HIDPI_IMAGES = YES;
				CURRENT_PROJECT_VERSION = 1;
				DEVELOPMENT_TEAM = "";
				"DEVELOPMENT_TEAM[sdk=macosx*]" = 5WX26Y89JP;
				ENABLE_HARDENED_RUNTIME = YES;
				ENABLE_USER_SCRIPT_SANDBOXING = NO;
				GENERATE_INFOPLIST_FILE = YES;
				INFOPLIST_KEY_NSHumanReadableCopyright = "";
				INFOPLIST_KEY_NSMainNibFile = MainMenu;
				INFOPLIST_KEY_NSPrincipalClass = NSApplication;
				LD_RUNPATH_SEARCH_PATHS = (
					"$(inherited)",
					"@executable_path/../Frameworks",
				);
				MACOSX_DEPLOYMENT_TARGET = 11.5;
				MARKETING_VERSION = 1.0;
				PRODUCT_BUNDLE_IDENTIFIER = org.sveinbjorn.IcnsOptim;
				PRODUCT_NAME = "$(TARGET_NAME)";
				PROVISIONING_PROFILE_SPECIFIER = "";
				REGISTER_APP_GROUPS = YES;
				SWIFT_EMIT_LOC_STRINGS = YES;
			};
			name = Debug;
		};
		F491A6EF2DE150C00097B4C7 /* Release */ = {
			isa = XCBuildConfiguration;
			buildSettings = {
				ASSETCATALOG_COMPILER_GLOBAL_ACCENT_COLOR_NAME = AccentColor;
				CODE_SIGN_ENTITLEMENTS = IcnsOptim/IcnsOptim.entitlements;
				"CODE_SIGN_IDENTITY[sdk=macosx*]" = "Developer ID Application";
				CODE_SIGN_STYLE = Manual;
				COMBINE_HIDPI_IMAGES = YES;
				CURRENT_PROJECT_VERSION = 1;
				DEVELOPMENT_TEAM = "";
				"DEVELOPMENT_TEAM[sdk=macosx*]" = 5WX26Y89JP;
				ENABLE_HARDENED_RUNTIME = YES;
				ENABLE_USER_SCRIPT_SANDBOXING = NO;
				GENERATE_INFOPLIST_FILE = YES;
				INFOPLIST_KEY_NSHumanReadableCopyright = "";
				INFOPLIST_KEY_NSMainNibFile = MainMenu;
				INFOPLIST_KEY_NSPrincipalClass = NSApplication;
				LD_RUNPATH_SEARCH_PATHS = (
					"$(inherited)",
					"@executable_path/../Frameworks",
				);
				MACOSX_DEPLOYMENT_TARGET = 11.5;
				MARKETING_VERSION = 1.0;
				PRODUCT_BUNDLE_IDENTIFIER = org.sveinbjorn.IcnsOptim;
				PRODUCT_NAME = "$(TARGET_NAME)";
				PROVISIONING_PROFILE_SPECIFIER = "";
				REGISTER_APP_GROUPS = YES;
				SWIFT_EMIT_LOC_STRINGS = YES;
			};
			name = Release;
		};
/* End XCBuildConfiguration section */

/* Begin XCConfigurationList section */
		F491A6D82DE150B70097B4C7 /* Build configuration list for PBXProject "IcnsOptim" */ = {
			isa = XCConfigurationList;
			buildConfigurations = (
				F491A6EB2DE150C00097B4C7 /* Debug */,
				F491A6EC2DE150C00097B4C7 /* Release */,
			);
			defaultConfigurationIsVisible = 0;
			defaultConfigurationName = Release;
		};
		F491A6ED2DE150C00097B4C7 /* Build configuration list for PBXNativeTarget "IcnsOptim" */ = {
			isa = XCConfigurationList;
			buildConfigurations = (
				F491A6EE2DE150C00097B4C7 /* Debug */,
				F491A6EF2DE150C00097B4C7 /* Release */,
			);
			defaultConfigurationIsVisible = 0;
			defaultConfigurationName = Release;
		};
/* End XCConfigurationList section */
	};
	rootObject = F491A6D52DE150B70097B4C7 /* Project object */;
}
